
Microsoft Visual Studio Solution File, Format Version 12.00
# Visual Studio Version 16
VisualStudioVersion = 16.0.30309.148
MinimumVisualStudioVersion = 10.0.40219.1
Project("{FAE04EC0-301F-11D3-BF4B-00C04F79EFBC}") = "RigConnectingHelper", "RigConnectingHelper.csproj", "{B6B9B185-2842-4ECA-A4B1-F32C13141EE2}"
EndProject
Global
	GlobalSection(SolutionConfigurationPlatforms) = preSolution
		Debug|Any CPU = Debug|Any CPU
		Release|Any CPU = Release|Any CPU
	EndGlobalSection
	GlobalSection(ProjectConfigurationPlatforms) = postSolution
		{B6B9B185-2842-4ECA-A4B1-F32C13141EE2}.Debug|Any CPU.ActiveCfg = Debug|Any CPU
		{B6B9B185-2842-4ECA-A4B1-F32C13141EE2}.Debug|Any CPU.Build.0 = Debug|Any CPU
		{B6B9B185-2842-4ECA-A4B1-F32C13141EE2}.Release|Any CPU.ActiveCfg = Release|Any CPU
		{B6B9B185-2842-4ECA-A4B1-F32C13141EE2}.Release|Any CPU.Build.0 = Release|Any CPU
	EndGlobalSection
	GlobalSection(SolutionProperties) = preSolution
		HideSolutionNode = FALSE
	EndGlobalSection
	GlobalSection(ExtensibilityGlobals) = postSolution
		SolutionGuid = {7AFE971A-B2F6-4064-AAD9-923C7D8C8CA0}
	EndGlobalSection
EndGlobal
